// !$*UTF8*$!
{
	archiveVersion = 1;
	classes = {
	};
	objectVersion = 46;
	objects = {

/* Begin PBXBuildFile section */
		0D7011481A96B21500589EC3 /* AppDelegate.swift in Sources */ = {isa = PBXBuildFile; fileRef = 0D7011471A96B21500589EC3 /* AppDelegate.swift */; };
		0D70114A1A96B21500589EC3 /* MasterViewController.swift in Sources */ = {isa = PBXBuildFile; fileRef = 0D7011491A96B21500589EC3 /* MasterViewController.swift */; };
		0D70114C1A96B21500589EC3 /* DetailViewController.swift in Sources */ = {isa = PBXBuildFile; fileRef = 0D70114B1A96B21500589EC3 /* DetailViewController.swift */; };
		0D70114F1A96B21500589EC3 /* Main.storyboard in Resources */ = {isa = PBXBuildFile; fileRef = 0D70114D1A96B21500589EC3 /* Main.storyboard */; };
		0D7011511A96B21500589EC3 /* Images.xcassets in Resources */ = {isa = PBXBuildFile; fileRef = 0D7011501A96B21500589EC3 /* Images.xcassets */; };
		0D7011541A96B21500589EC3 /* LaunchScreen.xib in Resources */ = {isa = PBXBuildFile; fileRef = 0D7011521A96B21500589EC3 /* LaunchScreen.xib */; };
		0D7011601A96B21500589EC3 /* MyFavMoviesTests.swift in Sources */ = {isa = PBXBuildFile; fileRef = 0D70115F1A96B21500589EC3 /* MyFavMoviesTests.swift */; };
		0DA2A0AE1A9C139200B0627C /* 47 Ronin.jpg in Resources */ = {isa = PBXBuildFile; fileRef = 0DA2A0991A9C139200B0627C /* 47 Ronin.jpg */; };
		0DA2A0AF1A9C139200B0627C /* 300.jpg in Resources */ = {isa = PBXBuildFile; fileRef = 0DA2A09A1A9C139200B0627C /* 300.jpg */; };
		0DA2A0B01A9C139200B0627C /* Blade.jpg in Resources */ = {isa = PBXBuildFile; fileRef = 0DA2A09B1A9C139200B0627C /* Blade.jpg */; };
		0DA2A0B11A9C139200B0627C /* Formula 51.jpg in Resources */ = {isa = PBXBuildFile; fileRef = 0DA2A09C1A9C139200B0627C /* Formula 51.jpg */; };
		0DA2A0B21A9C139200B0627C /* Main.png in Resources */ = {isa = PBXBuildFile; fileRef = 0DA2A09D1A9C139200B0627C /* Main.png */; };
		0DA2A0B31A9C139200B0627C /* Maina.png in Resources */ = {isa = PBXBuildFile; fileRef = 0DA2A09E1A9C139200B0627C /* Maina.png */; };
		0DA2A0B41A9C139200B0627C /* Movie Icon 29.png in Resources */ = {isa = PBXBuildFile; fileRef = 0DA2A09F1A9C139200B0627C /* Movie Icon 29.png */; };
		0DA2A0B51A9C139200B0627C /* Movie Icon 40.png in Resources */ = {isa = PBXBuildFile; fileRef = 0DA2A0A01A9C139200B0627C /* Movie Icon 40.png */; };
		0DA2A0B61A9C139200B0627C /* Movie Icon 58.png in Resources */ = {isa = PBXBuildFile; fileRef = 0DA2A0A11A9C139200B0627C /* Movie Icon 58.png */; };
		0DA2A0B71A9C139200B0627C /* Movie Icon 76.png in Resources */ = {isa = PBXBuildFile; fileRef = 0DA2A0A21A9C139200B0627C /* Movie Icon 76.png */; };
		0DA2A0B81A9C139200B0627C /* Movie Icon 80.png in Resources */ = {isa = PBXBuildFile; fileRef = 0DA2A0A31A9C139200B0627C /* Movie Icon 80.png */; };
		0DA2A0B91A9C139200B0627C /* Movie Icon 152.png in Resources */ = {isa = PBXBuildFile; fileRef = 0DA2A0A41A9C139200B0627C /* Movie Icon 152.png */; };
		0DA2A0BA1A9C139200B0627C /* Movie Icon.jpg in Resources */ = {isa = PBXBuildFile; fileRef = 0DA2A0A51A9C139200B0627C /* Movie Icon.jpg */; };
		0DA2A0BB1A9C139200B0627C /* Pacific Rim.jpg in Resources */ = {isa = PBXBuildFile; fileRef = 0DA2A0A61A9C139200B0627C /* Pacific Rim.jpg */; };
		0DA2A0BC1A9C139200B0627C /* Snatch.jpg in Resources */ = {isa = PBXBuildFile; fileRef = 0DA2A0A71A9C139200B0627C /* Snatch.jpg */; };
		0DA2A0BD1A9C139200B0627C /* Sucker Punch.jpg in Resources */ = {isa = PBXBuildFile; fileRef = 0DA2A0A81A9C139200B0627C /* Sucker Punch.jpg */; };
		0DA2A0BE1A9C139200B0627C /* The BoonDock Saints.jpg in Resources */ = {isa = PBXBuildFile; fileRef = 0DA2A0A91A9C139200B0627C /* The BoonDock Saints.jpg */; };
		0DA2A0BF1A9C139200B0627C /* The Fast and Furious.jpg in Resources */ = {isa = PBXBuildFile; fileRef = 0DA2A0AA1A9C139200B0627C /* The Fast and Furious.jpg */; };
		0DA2A0C01A9C139200B0627C /* The Rock.jpg in Resources */ = {isa = PBXBuildFile; fileRef = 0DA2A0AB1A9C139200B0627C /* The Rock.jpg */; };
		0DA2A0C11A9C139200B0627C /* Tombstone.jpg in Resources */ = {isa = PBXBuildFile; fileRef = 0DA2A0AC1A9C139200B0627C /* Tombstone.jpg */; };
		0DA2A0C21A9C139200B0627C /* Transporter 3.jpg in Resources */ = {isa = PBXBuildFile; fileRef = 0DA2A0AD1A9C139200B0627C /* Transporter 3.jpg */; };
/* End PBXBuildFile section */

/* Begin PBXContainerItemProxy section */
		0D70115A1A96B21500589EC3 /* PBXContainerItemProxy */ = {
			isa = PBXContainerItemProxy;
			containerPortal = 0D70113A1A96B21500589EC3 /* Project object */;
			proxyType = 1;
			remoteGlobalIDString = 0D7011411A96B21500589EC3;
			remoteInfo = MyFavMovies;
		};
/* End PBXContainerItemProxy section */

/* Begin PBXFileReference section */
		0D7011421A96B21500589EC3 /* MyFavMovies.app */ = {isa = PBXFileReference; explicitFileType = wrapper.application; includeInIndex = 0; path = MyFavMovies.app; sourceTree = BUILT_PRODUCTS_DIR; };
		0D7011461A96B21500589EC3 /* Info.plist */ = {isa = PBXFileReference; lastKnownFileType = text.plist.xml; path = Info.plist; sourceTree = "<group>"; };
		0D7011471A96B21500589EC3 /* AppDelegate.swift */ = {isa = PBXFileReference; lastKnownFileType = sourcecode.swift; path = AppDelegate.swift; sourceTree = "<group>"; };
		0D7011491A96B21500589EC3 /* MasterViewController.swift */ = {isa = PBXFileReference; lastKnownFileType = sourcecode.swift; path = MasterViewController.swift; sourceTree = "<group>"; };
		0D70114B1A96B21500589EC3 /* DetailViewController.swift */ = {isa = PBXFileReference; lastKnownFileType = sourcecode.swift; path = DetailViewController.swift; sourceTree = "<group>"; };
		0D70114E1A96B21500589EC3 /* Base */ = {isa = PBXFileReference; lastKnownFileType = file.storyboard; name = Base; path = Base.lproj/Main.storyboard; sourceTree = "<group>"; };
		0D7011501A96B21500589EC3 /* Images.xcassets */ = {isa = PBXFileReference; lastKnownFileType = folder.assetcatalog; path = Images.xcassets; sourceTree = "<group>"; };
		0D7011531A96B21500589EC3 /* Base */ = {isa = PBXFileReference; lastKnownFileType = file.xib; name = Base; path = Base.lproj/LaunchScreen.xib; sourceTree = "<group>"; };
		0D7011591A96B21500589EC3 /* MyFavMoviesTests.xctest */ = {isa = PBXFileReference; explicitFileType = wrapper.cfbundle; includeInIndex = 0; path = MyFavMoviesTests.xctest; sourceTree = BUILT_PRODUCTS_DIR; };
		0D70115E1A96B21500589EC3 /* Info.plist */ = {isa = PBXFileReference; lastKnownFileType = text.plist.xml; path = Info.plist; sourceTree = "<group>"; };
		0D70115F1A96B21500589EC3 /* MyFavMoviesTests.swift */ = {isa = PBXFileReference; lastKnownFileType = sourcecode.swift; path = MyFavMoviesTests.swift; sourceTree = "<group>"; };
		0DA2A0991A9C139200B0627C /* 47 Ronin.jpg */ = {isa = PBXFileReference; lastKnownFileType = image.jpeg; path = "47 Ronin.jpg"; sourceTree = "<group>"; };
		0DA2A09A1A9C139200B0627C /* 300.jpg */ = {isa = PBXFileReference; lastKnownFileType = image.jpeg; path = 300.jpg; sourceTree = "<group>"; };
		0DA2A09B1A9C139200B0627C /* Blade.jpg */ = {isa = PBXFileReference; lastKnownFileType = image.jpeg; path = Blade.jpg; sourceTree = "<group>"; };
		0DA2A09C1A9C139200B0627C /* Formula 51.jpg */ = {isa = PBXFileReference; lastKnownFileType = image.jpeg; path = "Formula 51.jpg"; sourceTree = "<group>"; };
		0DA2A09D1A9C139200B0627C /* Main.png */ = {isa = PBXFileReference; lastKnownFileType = image.png; path = Main.png; sourceTree = "<group>"; };
		0DA2A09E1A9C139200B0627C /* Maina.png */ = {isa = PBXFileReference; lastKnownFileType = image.png; path = Maina.png; sourceTree = "<group>"; };
		0DA2A09F1A9C139200B0627C /* Movie Icon 29.png */ = {isa = PBXFileReference; lastKnownFileType = image.png; path = "Movie Icon 29.png"; sourceTree = "<group>"; };
		0DA2A0A01A9C139200B0627C /* Movie Icon 40.png */ = {isa = PBXFileReference; lastKnownFileType = image.png; path = "Movie Icon 40.png"; sourceTree = "<group>"; };
		0DA2A0A11A9C139200B0627C /* Movie Icon 58.png */ = {isa = PBXFileReference; lastKnownFileType = image.png; path = "Movie Icon 58.png"; sourceTree = "<group>"; };
		0DA2A0A21A9C139200B0627C /* Movie Icon 76.png */ = {isa = PBXFileReference; lastKnownFileType = image.png; path = "Movie Icon 76.png"; sourceTree = "<group>"; };
		0DA2A0A31A9C139200B0627C /* Movie Icon 80.png */ = {isa = PBXFileReference; lastKnownFileType = image.png; path = "Movie Icon 80.png"; sourceTree = "<group>"; };
		0DA2A0A41A9C139200B0627C /* Movie Icon 152.png */ = {isa = PBXFileReference; lastKnownFileType = image.png; path = "Movie Icon 152.png"; sourceTree = "<group>"; };
		0DA2A0A51A9C139200B0627C /* Movie Icon.jpg */ = {isa = PBXFileReference; lastKnownFileType = image.jpeg; path = "Movie Icon.jpg"; sourceTree = "<group>"; };
		0DA2A0A61A9C139200B0627C /* Pacific Rim.jpg */ = {isa = PBXFileReference; lastKnownFileType = image.jpeg; path = "Pacific Rim.jpg"; sourceTree = "<group>"; };
		0DA2A0A71A9C139200B0627C /* Snatch.jpg */ = {isa = PBXFileReference; lastKnownFileType = image.jpeg; path = Snatch.jpg; sourceTree = "<group>"; };
		0DA2A0A81A9C139200B0627C /* Sucker Punch.jpg */ = {isa = PBXFileReference; lastKnownFileType = image.jpeg; path = "Sucker Punch.jpg"; sourceTree = "<group>"; };
		0DA2A0A91A9C139200B0627C /* The BoonDock Saints.jpg */ = {isa = PBXFileReference; lastKnownFileType = image.jpeg; path = "The BoonDock Saints.jpg"; sourceTree = "<group>"; };
		0DA2A0AA1A9C139200B0627C /* The Fast and Furious.jpg */ = {isa = PBXFileReference; lastKnownFileType = image.jpeg; path = "The Fast and Furious.jpg"; sourceTree = "<group>"; };
		0DA2A0AB1A9C139200B0627C /* The Rock.jpg */ = {isa = PBXFileReference; lastKnownFileType = image.jpeg; path = "The Rock.jpg"; sourceTree = "<group>"; };
		0DA2A0AC1A9C139200B0627C /* Tombstone.jpg */ = {isa = PBXFileReference; lastKnownFileType = image.jpeg; path = Tombstone.jpg; sourceTree = "<group>"; };
		0DA2A0AD1A9C139200B0627C /* Transporter 3.jpg */ = {isa = PBXFileReference; lastKnownFileType = image.jpeg; path = "Transporter 3.jpg"; sourceTree = "<group>"; };
/* End PBXFileReference section */

/* Begin PBXFrameworksBuildPhase section */
		0D70113F1A96B21500589EC3 /* Frameworks */ = {
			isa = PBXFrameworksBuildPhase;
			buildActionMask = 2147483647;
			files = (
			);
			runOnlyForDeploymentPostprocessing = 0;
		};
		0D7011561A96B21500589EC3 /* Frameworks */ = {
			isa = PBXFrameworksBuildPhase;
			buildActionMask = 2147483647;
			files = (
			);
			runOnlyForDeploymentPostprocessing = 0;
		};
/* End PBXFrameworksBuildPhase section */

/* Begin PBXGroup section */
		0D7011391A96B21500589EC3 = {
			isa = PBXGroup;
			children = (
				0D7011691A96B3F000589EC3 /* Images */,
				0D7011441A96B21500589EC3 /* MyFavMovies */,
				0D70115C1A96B21500589EC3 /* MyFavMoviesTests */,
				0D7011431A96B21500589EC3 /* Products */,
			);
			sourceTree = "<group>";
		};
		0D7011431A96B21500589EC3 /* Products */ = {
			isa = PBXGroup;
			children = (
				0D7011421A96B21500589EC3 /* MyFavMovies.app */,
				0D7011591A96B21500589EC3 /* MyFavMoviesTests.xctest */,
			);
			name = Products;
			sourceTree = "<group>";
		};
		0D7011441A96B21500589EC3 /* MyFavMovies */ = {
			isa = PBXGroup;
			children = (
				0D7011471A96B21500589EC3 /* AppDelegate.swift */,
				0D7011491A96B21500589EC3 /* MasterViewController.swift */,
				0D70114B1A96B21500589EC3 /* DetailViewController.swift */,
				0D70114D1A96B21500589EC3 /* Main.storyboard */,
				0D7011501A96B21500589EC3 /* Images.xcassets */,
				0D7011521A96B21500589EC3 /* LaunchScreen.xib */,
				0D7011451A96B21500589EC3 /* Supporting Files */,
			);
			path = MyFavMovies;
			sourceTree = "<group>";
		};
		0D7011451A96B21500589EC3 /* Supporting Files */ = {
			isa = PBXGroup;
			children = (
				0D7011461A96B21500589EC3 /* Info.plist */,
			);
			name = "Supporting Files";
			sourceTree = "<group>";
		};
		0D70115C1A96B21500589EC3 /* MyFavMoviesTests */ = {
			isa = PBXGroup;
			children = (
				0D70115F1A96B21500589EC3 /* MyFavMoviesTests.swift */,
				0D70115D1A96B21500589EC3 /* Supporting Files */,
			);
			path = MyFavMoviesTests;
			sourceTree = "<group>";
		};
		0D70115D1A96B21500589EC3 /* Supporting Files */ = {
			isa = PBXGroup;
			children = (
				0D70115E1A96B21500589EC3 /* Info.plist */,
			);
			name = "Supporting Files";
			sourceTree = "<group>";
		};
		0D7011691A96B3F000589EC3 /* Images */ = {
			isa = PBXGroup;
			children = (
				0DA2A0991A9C139200B0627C /* 47 Ronin.jpg */,
				0DA2A09A1A9C139200B0627C /* 300.jpg */,
				0DA2A09B1A9C139200B0627C /* Blade.jpg */,
				0DA2A09C1A9C139200B0627C /* Formula 51.jpg */,
				0DA2A09D1A9C139200B0627C /* Main.png */,
				0DA2A09E1A9C139200B0627C /* Maina.png */,
				0DA2A09F1A9C139200B0627C /* Movie Icon 29.png */,
				0DA2A0A01A9C139200B0627C /* Movie Icon 40.png */,
				0DA2A0A11A9C139200B0627C /* Movie Icon 58.png */,
				0DA2A0A21A9C139200B0627C /* Movie Icon 76.png */,
				0DA2A0A31A9C139200B0627C /* Movie Icon 80.png */,
				0DA2A0A41A9C139200B0627C /* Movie Icon 152.png */,
				0DA2A0A51A9C139200B0627C /* Movie Icon.jpg */,
				0DA2A0A61A9C139200B0627C /* Pacific Rim.jpg */,
				0DA2A0A71A9C139200B0627C /* Snatch.jpg */,
				0DA2A0A81A9C139200B0627C /* Sucker Punch.jpg */,
				0DA2A0A91A9C139200B0627C /* The BoonDock Saints.jpg */,
				0DA2A0AA1A9C139200B0627C /* The Fast and Furious.jpg */,
				0DA2A0AB1A9C139200B0627C /* The Rock.jpg */,
				0DA2A0AC1A9C139200B0627C /* Tombstone.jpg */,
				0DA2A0AD1A9C139200B0627C /* Transporter 3.jpg */,
			);
			name = Images;
			sourceTree = "<group>";
		};
/* End PBXGroup section */

/* Begin PBXNativeTarget section */
		0D7011411A96B21500589EC3 /* MyFavMovies */ = {
			isa = PBXNativeTarget;
			buildConfigurationList = 0D7011631A96B21500589EC3 /* Build configuration list for PBXNativeTarget "MyFavMovies" */;
			buildPhases = (
				0D70113E1A96B21500589EC3 /* Sources */,
				0D70113F1A96B21500589EC3 /* Frameworks */,
				0D7011401A96B21500589EC3 /* Resources */,
			);
			buildRules = (
			);
			dependencies = (
			);
			name = MyFavMovies;
			productName = MyFavMovies;
			productReference = 0D7011421A96B21500589EC3 /* MyFavMovies.app */;
			productType = "com.apple.product-type.application";
		};
		0D7011581A96B21500589EC3 /* MyFavMoviesTests */ = {
			isa = PBXNativeTarget;
			buildConfigurationList = 0D7011661A96B21500589EC3 /* Build configuration list for PBXNativeTarget "MyFavMoviesTests" */;
			buildPhases = (
				0D7011551A96B21500589EC3 /* Sources */,
				0D7011561A96B21500589EC3 /* Frameworks */,
				0D7011571A96B21500589EC3 /* Resources */,
			);
			buildRules = (
			);
			dependencies = (
				0D70115B1A96B21500589EC3 /* PBXTargetDependency */,
			);
			name = MyFavMoviesTests;
			productName = MyFavMoviesTests;
			productReference = 0D7011591A96B21500589EC3 /* MyFavMoviesTests.xctest */;
			productType = "com.apple.product-type.bundle.unit-test";
		};
/* End PBXNativeTarget section */

/* Begin PBXProject section */
		0D70113A1A96B21500589EC3 /* Project object */ = {
			isa = PBXProject;
			attributes = {
				LastUpgradeCheck = 0610;
				ORGANIZATIONNAME = "Rock Valley College";
				TargetAttributes = {
					0D7011411A96B21500589EC3 = {
						CreatedOnToolsVersion = 6.1;
						DevelopmentTeam = LAK6SGQ7Q5;
					};
					0D7011581A96B21500589EC3 = {
						CreatedOnToolsVersion = 6.1;
						TestTargetID = 0D7011411A96B21500589EC3;
					};
				};
			};
			buildConfigurationList = 0D70113D1A96B21500589EC3 /* Build configuration list for PBXProject "MyFavMovies" */;
			compatibilityVersion = "Xcode 3.2";
			developmentRegion = English;
			hasScannedForEncodings = 0;
			knownRegions = (
				en,
				Base,
			);
			mainGroup = 0D7011391A96B21500589EC3;
			productRefGroup = 0D7011431A96B21500589EC3 /* Products */;
			projectDirPath = "";
			projectRoot = "";
			targets = (
				0D7011411A96B21500589EC3 /* MyFavMovies */,
				0D7011581A96B21500589EC3 /* MyFavMoviesTests */,
			);
		};
/* End PBXProject section */

/* Begin PBXResourcesBuildPhase section */
		0D7011401A96B21500589EC3 /* Resources */ = {
			isa = PBXResourcesBuildPhase;
			buildActionMask = 2147483647;
			files = (
				0DA2A0B71A9C139200B0627C /* Movie Icon 76.png in Resources */,
				0DA2A0BC1A9C139200B0627C /* Snatch.jpg in Resources */,
				0DA2A0BA1A9C139200B0627C /* Movie Icon.jpg in Resources */,
				0DA2A0C01A9C139200B0627C /* The Rock.jpg in Resources */,
				0DA2A0B01A9C139200B0627C /* Blade.jpg in Resources */,
				0DA2A0AE1A9C139200B0627C /* 47 Ronin.jpg in Resources */,
				0DA2A0BD1A9C139200B0627C /* Sucker Punch.jpg in Resources */,
				0DA2A0BB1A9C139200B0627C /* Pacific Rim.jpg in Resources */,
				0DA2A0B91A9C139200B0627C /* Movie Icon 152.png in Resources */,
				0DA2A0B51A9C139200B0627C /* Movie Icon 40.png in Resources */,
				0DA2A0C21A9C139200B0627C /* Transporter 3.jpg in Resources */,
				0DA2A0B61A9C139200B0627C /* Movie Icon 58.png in Resources */,
				0DA2A0B31A9C139200B0627C /* Maina.png in Resources */,
				0DA2A0AF1A9C139200B0627C /* 300.jpg in Resources */,
				0D70114F1A96B21500589EC3 /* Main.storyboard in Resources */,
				0DA2A0B21A9C139200B0627C /* Main.png in Resources */,
				0DA2A0B41A9C139200B0627C /* Movie Icon 29.png in Resources */,
				0DA2A0B81A9C139200B0627C /* Movie Icon 80.png in Resources */,
				0D7011541A96B21500589EC3 /* LaunchScreen.xib in Resources */,
				0DA2A0BF1A9C139200B0627C /* The Fast and Furious.jpg in Resources */,
				0DA2A0C11A9C139200B0627C /* Tombstone.jpg in Resources */,
				0DA2A0BE1A9C139200B0627C /* The BoonDock Saints.jpg in Resources */,
				0DA2A0B11A9C139200B0627C /* Formula 51.jpg in Resources */,
				0D7011511A96B21500589EC3 /* Images.xcassets in Resources */,
			);
			runOnlyForDeploymentPostprocessing = 0;
		};
		0D7011571A96B21500589EC3 /* Resources */ = {
			isa = PBXResourcesBuildPhase;
			buildActionMask = 2147483647;
			files = (
			);
			runOnlyForDeploymentPostprocessing = 0;
		};
/* End PBXResourcesBuildPhase section */

/* Begin PBXSourcesBuildPhase section */
		0D70113E1A96B21500589EC3 /* Sources */ = {
			isa = PBXSourcesBuildPhase;
			buildActionMask = 2147483647;
			files = (
				0D70114C1A96B21500589EC3 /* DetailViewController.swift in Sources */,
				0D70114A1A96B21500589EC3 /* MasterViewController.swift in Sources */,
				0D7011481A96B21500589EC3 /* AppDelegate.swift in Sources */,
			);
			runOnlyForDeploymentPostprocessing = 0;
		};
		0D7011551A96B21500589EC3 /* Sources */ = {
			isa = PBXSourcesBuildPhase;
			buildActionMask = 2147483647;
			files = (
				0D7011601A96B21500589EC3 /* MyFavMoviesTests.swift in Sources */,
			);
			runOnlyForDeploymentPostprocessing = 0;
		};
/* End PBXSourcesBuildPhase section */

/* Begin PBXTargetDependency section */
		0D70115B1A96B21500589EC3 /* PBXTargetDependency */ = {
			isa = PBXTargetDependency;
			target = 0D7011411A96B21500589EC3 /* MyFavMovies */;
			targetProxy = 0D70115A1A96B21500589EC3 /* PBXContainerItemProxy */;
		};
/* End PBXTargetDependency section */

/* Begin PBXVariantGroup section */
		0D70114D1A96B21500589EC3 /* Main.storyboard */ = {
			isa = PBXVariantGroup;
			children = (
				0D70114E1A96B21500589EC3 /* Base */,
			);
			name = Main.storyboard;
			sourceTree = "<group>";
		};
		0D7011521A96B21500589EC3 /* LaunchScreen.xib */ = {
			isa = PBXVariantGroup;
			children = (
				0D7011531A96B21500589EC3 /* Base */,
			);
			name = LaunchScreen.xib;
			sourceTree = "<group>";
		};
/* End PBXVariantGroup section */

/* Begin XCBuildConfiguration section */
		0D7011611A96B21500589EC3 /* Debug */ = {
			isa = XCBuildConfiguration;
			buildSettings = {
				ALWAYS_SEARCH_USER_PATHS = NO;
				CLANG_CXX_LANGUAGE_STANDARD = "gnu++0x";
				CLANG_CXX_LIBRARY = "libc++";
				CLANG_ENABLE_MODULES = YES;
				CLANG_ENABLE_OBJC_ARC = YES;
				CLANG_WARN_BOOL_CONVERSION = YES;
				CLANG_WARN_CONSTANT_CONVERSION = YES;
				CLANG_WARN_DIRECT_OBJC_ISA_USAGE = YES_ERROR;
				CLANG_WARN_EMPTY_BODY = YES;
				CLANG_WARN_ENUM_CONVERSION = YES;
				CLANG_WARN_INT_CONVERSION = YES;
				CLANG_WARN_OBJC_ROOT_CLASS = YES_ERROR;
				CLANG_WARN_UNREACHABLE_CODE = YES;
				CLANG_WARN__DUPLICATE_METHOD_MATCH = YES;
				"CODE_SIGN_IDENTITY[sdk=iphoneos*]" = "iPhone Developer";
				COPY_PHASE_STRIP = NO;
				ENABLE_STRICT_OBJC_MSGSEND = YES;
				GCC_C_LANGUAGE_STANDARD = gnu99;
				GCC_DYNAMIC_NO_PIC = NO;
				GCC_OPTIMIZATION_LEVEL = 0;
				GCC_PREPROCESSOR_DEFINITIONS = (
					"DEBUG=1",
					"$(inherited)",
				);
				GCC_SYMBOLS_PRIVATE_EXTERN = NO;
				GCC_WARN_64_TO_32_BIT_CONVERSION = YES;
				GCC_WARN_ABOUT_RETURN_TYPE = YES_ERROR;
				GCC_WARN_UNDECLARED_SELECTOR = YES;
				GCC_WARN_UNINITIALIZED_AUTOS = YES_AGGRESSIVE;
				GCC_WARN_UNUSED_FUNCTION = YES;
				GCC_WARN_UNUSED_VARIABLE = YES;
				IPHONEOS_DEPLOYMENT_TARGET = 8.1;
				MTL_ENABLE_DEBUG_INFO = YES;
				ONLY_ACTIVE_ARCH = YES;
				SDKROOT = iphoneos;
				SWIFT_OPTIMIZATION_LEVEL = "-Onone";
				TARGETED_DEVICE_FAMILY = 2;
			};
			name = Debug;
		};
		0D7011621A96B21500589EC3 /* Release */ = {
			isa = XCBuildConfiguration;
			buildSettings = {
				ALWAYS_SEARCH_USER_PATHS = NO;
				CLANG_CXX_LANGUAGE_STANDARD = "gnu++0x";
				CLANG_CXX_LIBRARY = "libc++";
				CLANG_ENABLE_MODULES = YES;
				CLANG_ENABLE_OBJC_ARC = YES;
				CLANG_WARN_BOOL_CONVERSION = YES;
				CLANG_WARN_CONSTANT_CONVERSION = YES;
				CLANG_WARN_DIRECT_OBJC_ISA_USAGE = YES_ERROR;
				CLANG_WARN_EMPTY_BODY = YES;
				CLANG_WARN_ENUM_CONVERSION = YES;
				CLANG_WARN_INT_CONVERSION = YES;
				CLANG_WARN_OBJC_ROOT_CLASS = YES_ERROR;
				CLANG_WARN_UNREACHABLE_CODE = YES;
				CLANG_WARN__DUPLICATE_METHOD_MATCH = YES;
				"CODE_SIGN_IDENTITY[sdk=iphoneos*]" = "iPhone Developer";
				COPY_PHASE_STRIP = YES;
				ENABLE_NS_ASSERTIONS = NO;
				ENABLE_STRICT_OBJC_MSGSEND = YES;
				GCC_C_LANGUAGE_STANDARD = gnu99;
				GCC_WARN_64_TO_32_BIT_CONVERSION = YES;
				GCC_WARN_ABOUT_RETURN_TYPE = YES_ERROR;
				GCC_WARN_UNDECLARED_SELECTOR = YES;
				GCC_WARN_UNINITIALIZED_AUTOS = YES_AGGRESSIVE;
				GCC_WARN_UNUSED_FUNCTION = YES;
				GCC_WARN_UNUSED_VARIABLE = YES;
				IPHONEOS_DEPLOYMENT_TARGET = 8.1;
				MTL_ENABLE_DEBUG_INFO = NO;
				SDKROOT = iphoneos;
				TARGETED_DEVICE_FAMILY = 2;
				VALIDATE_PRODUCT = YES;
			};
			name = Release;
		};
		0D7011641A96B21500589EC3 /* Debug */ = {
			isa = XCBuildConfiguration;
			buildSettings = {
				ASSETCATALOG_COMPILER_APPICON_NAME = AppIcon;
				CODE_SIGN_IDENTITY = "iPhone Developer";
				INFOPLIST_FILE = MyFavMovies/Info.plist;
				LD_RUNPATH_SEARCH_PATHS = "$(inherited) @executable_path/Frameworks";
				PRODUCT_NAME = "$(TARGET_NAME)";
				TARGETED_DEVICE_FAMILY = 2;
			};
			name = Debug;
		};
		0D7011651A96B21500589EC3 /* Release */ = {
			isa = XCBuildConfiguration;
			buildSettings = {
				ASSETCATALOG_COMPILER_APPICON_NAME = AppIcon;
				CODE_SIGN_IDENTITY = "iPhone Developer";
				INFOPLIST_FILE = MyFavMovies/Info.plist;
				LD_RUNPATH_SEARCH_PATHS = "$(inherited) @executable_path/Frameworks";
				PRODUCT_NAME = "$(TARGET_NAME)";
				TARGETED_DEVICE_FAMILY = 2;
			};
			name = Release;
		};
		0D7011671A96B21500589EC3 /* Debug */ = {
			isa = XCBuildConfiguration;
			buildSettings = {
				BUNDLE_LOADER = "$(TEST_HOST)";
				FRAMEWORK_SEARCH_PATHS = (
					"$(SDKROOT)/Developer/Library/Frameworks",
					"$(inherited)",
				);
				GCC_PREPROCESSOR_DEFINITIONS = (
					"DEBUG=1",
					"$(inherited)",
				);
				INFOPLIST_FILE = MyFavMoviesTests/Info.plist;
				LD_RUNPATH_SEARCH_PATHS = "$(inherited) @executable_path/Frameworks @loader_path/Frameworks";
				PRODUCT_NAME = "$(TARGET_NAME)";
				TEST_HOST = "$(BUILT_PRODUCTS_DIR)/MyFavMovies.app/MyFavMovies";
			};
			name = Debug;
		};
		0D7011681A96B21500589EC3 /* Release */ = {
			isa = XCBuildConfiguration;
			buildSettings = {
				BUNDLE_LOADER = "$(TEST_HOST)";
				FRAMEWORK_SEARCH_PATHS = (
					"$(SDKROOT)/Developer/Library/Frameworks",
					"$(inherited)",
				);
				INFOPLIST_FILE = MyFavMoviesTests/Info.plist;
				LD_RUNPATH_SEARCH_PATHS = "$(inherited) @executable_path/Frameworks @loader_path/Frameworks";
				PRODUCT_NAME = "$(TARGET_NAME)";
				TEST_HOST = "$(BUILT_PRODUCTS_DIR)/MyFavMovies.app/MyFavMovies";
			};
			name = Release;
		};
/* End XCBuildConfiguration section */

/* Begin XCConfigurationList section */
		0D70113D1A96B21500589EC3 /* Build configuration list for PBXProject "MyFavMovies" */ = {
			isa = XCConfigurationList;
			buildConfigurations = (
				0D7011611A96B21500589EC3 /* Debug */,
				0D7011621A96B21500589EC3 /* Release */,
			);
			defaultConfigurationIsVisible = 0;
			defaultConfigurationName = Release;
		};
		0D7011631A96B21500589EC3 /* Build configuration list for PBXNativeTarget "MyFavMovies" */ = {
			isa = XCConfigurationList;
			buildConfigurations = (
				0D7011641A96B21500589EC3 /* Debug */,
				0D7011651A96B21500589EC3 /* Release */,
			);
			defaultConfigurationIsVisible = 0;
			defaultConfigurationName = Release;
		};
		0D7011661A96B21500589EC3 /* Build configuration list for PBXNativeTarget "MyFavMoviesTests" */ = {
			isa = XCConfigurationList;
			buildConfigurations = (
				0D7011671A96B21500589EC3 /* Debug */,
				0D7011681A96B21500589EC3 /* Release */,
			);
			defaultConfigurationIsVisible = 0;
			defaultConfigurationName = Release;
		};
/* End XCConfigurationList section */
	};
	rootObject = 0D70113A1A96B21500589EC3 /* Project object */;
}
